
Microsoft Visual Studio Solution File, Format Version 12.00
# Visual Studio 15
VisualStudioVersion = 15.0.26730.15
MinimumVisualStudioVersion = 10.0.40219.1
Project("{FAE04EC0-301F-11D3-BF4B-00C04F79EFBC}") = "Projekt", "Projekt\Projekt.csproj", "{9BF0240F-9319-4379-9CC6-07897029AC98}"
EndProject
Project("{FAE04EC0-301F-11D3-BF4B-00C04F79EFBC}") = "WindowsFormsApp3", "WindowsFormsApp3\WindowsFormsApp3.csproj", "{9468CB7F-1F63-4BEB-B3B2-A16BCB3DED18}"
EndProject
Project("{FAE04EC0-301F-11D3-BF4B-00C04F79EFBC}") = "UnitTestProject1", "UnitTestProject1\UnitTestProject1.csproj", "{394978B9-78CB-41EB-AE63-29A304523871}"
EndProject
Project("{FAE04EC0-301F-11D3-BF4B-00C04F79EFBC}") = "UnitTestProject2", "UnitTestProject2\UnitTestProject2.csproj", "{06E66319-6C6F-409A-B699-0C292EBBCA29}"
EndProject
Global
	GlobalSection(SolutionConfigurationPlatforms) = preSolution
		Debug|Any CPU = Debug|Any CPU
		Release|Any CPU = Release|Any CPU
	EndGlobalSection
	GlobalSection(ProjectConfigurationPlatforms) = postSolution
		{9BF0240F-9319-4379-9CC6-07897029AC98}.Debug|Any CPU.ActiveCfg = Debug|Any CPU
		{9BF0240F-9319-4379-9CC6-07897029AC98}.Debug|Any CPU.Build.0 = Debug|Any CPU
		{9BF0240F-9319-4379-9CC6-07897029AC98}.Release|Any CPU.ActiveCfg = Release|Any CPU
		{9BF0240F-9319-4379-9CC6-07897029AC98}.Release|Any CPU.Build.0 = Release|Any CPU
		{9468CB7F-1F63-4BEB-B3B2-A16BCB3DED18}.Debug|Any CPU.ActiveCfg = Debug|Any CPU
		{9468CB7F-1F63-4BEB-B3B2-A16BCB3DED18}.Debug|Any CPU.Build.0 = Debug|Any CPU
		{9468CB7F-1F63-4BEB-B3B2-A16BCB3DED18}.Release|Any CPU.ActiveCfg = Release|Any CPU
		{9468CB7F-1F63-4BEB-B3B2-A16BCB3DED18}.Release|Any CPU.Build.0 = Release|Any CPU
		{394978B9-78CB-41EB-AE63-29A304523871}.Debug|Any CPU.ActiveCfg = Debug|Any CPU
		{394978B9-78CB-41EB-AE63-29A304523871}.Debug|Any CPU.Build.0 = Debug|Any CPU
		{394978B9-78CB-41EB-AE63-29A304523871}.Release|Any CPU.ActiveCfg = Release|Any CPU
		{394978B9-78CB-41EB-AE63-29A304523871}.Release|Any CPU.Build.0 = Release|Any CPU
		{06E66319-6C6F-409A-B699-0C292EBBCA29}.Debug|Any CPU.ActiveCfg = Debug|Any CPU
		{06E66319-6C6F-409A-B699-0C292EBBCA29}.Debug|Any CPU.Build.0 = Debug|Any CPU
		{06E66319-6C6F-409A-B699-0C292EBBCA29}.Release|Any CPU.ActiveCfg = Release|Any CPU
		{06E66319-6C6F-409A-B699-0C292EBBCA29}.Release|Any CPU.Build.0 = Release|Any CPU
	EndGlobalSection
	GlobalSection(SolutionProperties) = preSolution
		HideSolutionNode = FALSE
	EndGlobalSection
	GlobalSection(ExtensibilityGlobals) = postSolution
		SolutionGuid = {80129327-0297-41A0-86B0-59382BBEE419}
	EndGlobalSection
EndGlobal
